
Microsoft Visual Studio Solution File, Format Version 12.00
# Visual Studio Version 17
VisualStudioVersion = 17.0.31903.59
MinimumVisualStudioVersion = 10.0.40219.1
Project("{2150E333-8FDC-42A3-9474-1A3956D46DE8}") = "src", "src", "{827E0CD3-B72D-47B6-A68D-7590B98EB39B}"
EndProject
Project("{FAE04EC0-301F-11D3-BF4B-00C04F79EFBC}") = "Quizzy.UI", "src\Quizzy.UI\Quizzy.UI.csproj", "{83756C42-9207-4802-9CEE-C11D21BA46A9}"
EndProject
Project("{FAE04EC0-301F-11D3-BF4B-00C04F79EFBC}") = "Quizzy.Domain", "src\Quizzy.Domain\Quizzy.Domain.csproj", "{44876BC0-6B59-4CF8-AD53-08FA3AA248CD}"
EndProject
Project("{FAE04EC0-301F-11D3-BF4B-00C04F79EFBC}") = "Quizzy.Application", "src\Quizzy.Application\Quizzy.Application.csproj", "{8D483CC6-A7ED-4873-9168-E6BFE17B224B}"
EndProject
Project("{FAE04EC0-301F-11D3-BF4B-00C04F79EFBC}") = "Quizzy.Infrastructure", "src\Quizzy.Infrastructure\Quizzy.Infrastructure.csproj", "{59F4445E-4332-4A70-A223-6AB8E74AC61B}"
EndProject
Project("{FAE04EC0-301F-11D3-BF4B-00C04F79EFBC}") = "Quizzy.Shared", "src\Quizzy.Shared\Quizzy.Shared.csproj", "{1540DEF2-7425-40A0-88E1-04D481EC9BDE}"
EndProject
Project("{2150E333-8FDC-42A3-9474-1A3956D46DE8}") = "tests", "tests", "{0AB3BF05-4346-4AA6-1389-037BE0695223}"
EndProject
Project("{FAE04EC0-301F-11D3-BF4B-00C04F79EFBC}") = "Quizzy.Application.UnitTests", "tests\Quizzy.Application.UnitTests\Quizzy.Application.UnitTests.csproj", "{6F733AE3-FDEA-466F-90A9-C659C9CD2D2D}"
EndProject
Project("{FAE04EC0-301F-11D3-BF4B-00C04F79EFBC}") = "Quizzy.Domain.UnitTests", "tests\Quizzy.Domain.UnitTests\Quizzy.Domain.UnitTests.csproj", "{07E42C4B-48CE-4A41-AC52-7B1703C67B02}"
EndProject
Project("{FAE04EC0-301F-11D3-BF4B-00C04F79EFBC}") = "Quizzy.Infrastructure.IntegrationTests", "tests\Quizzy.Infrastructure.IntegrationTests\Quizzy.Infrastructure.IntegrationTests.csproj", "{A7D669FD-7910-4E74-9C82-F65C673F84D0}"
EndProject
Project("{FAE04EC0-301F-11D3-BF4B-00C04F79EFBC}") = "Quizzy.API", "src\Quizzy.API\Quizzy.API.csproj", "{A1360067-BC41-4F86-AEB9-A8D47924FDB3}"
EndProject
Global
	GlobalSection(SolutionConfigurationPlatforms) = preSolution
		Debug|Any CPU = Debug|Any CPU
		Debug|x64 = Debug|x64
		Debug|x86 = Debug|x86
		Release|Any CPU = Release|Any CPU
		Release|x64 = Release|x64
		Release|x86 = Release|x86
	EndGlobalSection
	GlobalSection(ProjectConfigurationPlatforms) = postSolution
		{83756C42-9207-4802-9CEE-C11D21BA46A9}.Debug|Any CPU.ActiveCfg = Debug|Any CPU
		{83756C42-9207-4802-9CEE-C11D21BA46A9}.Debug|Any CPU.Build.0 = Debug|Any CPU
		{83756C42-9207-4802-9CEE-C11D21BA46A9}.Debug|x64.ActiveCfg = Debug|Any CPU
		{83756C42-9207-4802-9CEE-C11D21BA46A9}.Debug|x64.Build.0 = Debug|Any CPU
		{83756C42-9207-4802-9CEE-C11D21BA46A9}.Debug|x86.ActiveCfg = Debug|Any CPU
		{83756C42-9207-4802-9CEE-C11D21BA46A9}.Debug|x86.Build.0 = Debug|Any CPU
		{83756C42-9207-4802-9CEE-C11D21BA46A9}.Release|Any CPU.ActiveCfg = Release|Any CPU
		{83756C42-9207-4802-9CEE-C11D21BA46A9}.Release|Any CPU.Build.0 = Release|Any CPU
		{83756C42-9207-4802-9CEE-C11D21BA46A9}.Release|x64.ActiveCfg = Release|Any CPU
		{83756C42-9207-4802-9CEE-C11D21BA46A9}.Release|x64.Build.0 = Release|Any CPU
		{83756C42-9207-4802-9CEE-C11D21BA46A9}.Release|x86.ActiveCfg = Release|Any CPU
		{83756C42-9207-4802-9CEE-C11D21BA46A9}.Release|x86.Build.0 = Release|Any CPU
		{44876BC0-6B59-4CF8-AD53-08FA3AA248CD}.Debug|Any CPU.ActiveCfg = Debug|Any CPU
		{44876BC0-6B59-4CF8-AD53-08FA3AA248CD}.Debug|Any CPU.Build.0 = Debug|Any CPU
		{44876BC0-6B59-4CF8-AD53-08FA3AA248CD}.Debug|x64.ActiveCfg = Debug|Any CPU
		{44876BC0-6B59-4CF8-AD53-08FA3AA248CD}.Debug|x64.Build.0 = Debug|Any CPU
		{44876BC0-6B59-4CF8-AD53-08FA3AA248CD}.Debug|x86.ActiveCfg = Debug|Any CPU
		{44876BC0-6B59-4CF8-AD53-08FA3AA248CD}.Debug|x86.Build.0 = Debug|Any CPU
		{44876BC0-6B59-4CF8-AD53-08FA3AA248CD}.Release|Any CPU.ActiveCfg = Release|Any CPU
		{44876BC0-6B59-4CF8-AD53-08FA3AA248CD}.Release|Any CPU.Build.0 = Release|Any CPU
		{44876BC0-6B59-4CF8-AD53-08FA3AA248CD}.Release|x64.ActiveCfg = Release|Any CPU
		{44876BC0-6B59-4CF8-AD53-08FA3AA248CD}.Release|x64.Build.0 = Release|Any CPU
		{44876BC0-6B59-4CF8-AD53-08FA3AA248CD}.Release|x86.ActiveCfg = Release|Any CPU
		{44876BC0-6B59-4CF8-AD53-08FA3AA248CD}.Release|x86.Build.0 = Release|Any CPU
		{8D483CC6-A7ED-4873-9168-E6BFE17B224B}.Debug|Any CPU.ActiveCfg = Debug|Any CPU
		{8D483CC6-A7ED-4873-9168-E6BFE17B224B}.Debug|Any CPU.Build.0 = Debug|Any CPU
		{8D483CC6-A7ED-4873-9168-E6BFE17B224B}.Debug|x64.ActiveCfg = Debug|Any CPU
		{8D483CC6-A7ED-4873-9168-E6BFE17B224B}.Debug|x64.Build.0 = Debug|Any CPU
		{8D483CC6-A7ED-4873-9168-E6BFE17B224B}.Debug|x86.ActiveCfg = Debug|Any CPU
		{8D483CC6-A7ED-4873-9168-E6BFE17B224B}.Debug|x86.Build.0 = Debug|Any CPU
		{8D483CC6-A7ED-4873-9168-E6BFE17B224B}.Release|Any CPU.ActiveCfg = Release|Any CPU
		{8D483CC6-A7ED-4873-9168-E6BFE17B224B}.Release|Any CPU.Build.0 = Release|Any CPU
		{8D483CC6-A7ED-4873-9168-E6BFE17B224B}.Release|x64.ActiveCfg = Release|Any CPU
		{8D483CC6-A7ED-4873-9168-E6BFE17B224B}.Release|x64.Build.0 = Release|Any CPU
		{8D483CC6-A7ED-4873-9168-E6BFE17B224B}.Release|x86.ActiveCfg = Release|Any CPU
		{8D483CC6-A7ED-4873-9168-E6BFE17B224B}.Release|x86.Build.0 = Release|Any CPU
		{59F4445E-4332-4A70-A223-6AB8E74AC61B}.Debug|Any CPU.ActiveCfg = Debug|Any CPU
		{59F4445E-4332-4A70-A223-6AB8E74AC61B}.Debug|Any CPU.Build.0 = Debug|Any CPU
		{59F4445E-4332-4A70-A223-6AB8E74AC61B}.Debug|x64.ActiveCfg = Debug|Any CPU
		{59F4445E-4332-4A70-A223-6AB8E74AC61B}.Debug|x64.Build.0 = Debug|Any CPU
		{59F4445E-4332-4A70-A223-6AB8E74AC61B}.Debug|x86.ActiveCfg = Debug|Any CPU
		{59F4445E-4332-4A70-A223-6AB8E74AC61B}.Debug|x86.Build.0 = Debug|Any CPU
		{59F4445E-4332-4A70-A223-6AB8E74AC61B}.Release|Any CPU.ActiveCfg = Release|Any CPU
		{59F4445E-4332-4A70-A223-6AB8E74AC61B}.Release|Any CPU.Build.0 = Release|Any CPU
		{59F4445E-4332-4A70-A223-6AB8E74AC61B}.Release|x64.ActiveCfg = Release|Any CPU
		{59F4445E-4332-4A70-A223-6AB8E74AC61B}.Release|x64.Build.0 = Release|Any CPU
		{59F4445E-4332-4A70-A223-6AB8E74AC61B}.Release|x86.ActiveCfg = Release|Any CPU
		{59F4445E-4332-4A70-A223-6AB8E74AC61B}.Release|x86.Build.0 = Release|Any CPU
		{1540DEF2-7425-40A0-88E1-04D481EC9BDE}.Debug|Any CPU.ActiveCfg = Debug|Any CPU
		{1540DEF2-7425-40A0-88E1-04D481EC9BDE}.Debug|Any CPU.Build.0 = Debug|Any CPU
		{1540DEF2-7425-40A0-88E1-04D481EC9BDE}.Debug|x64.ActiveCfg = Debug|Any CPU
		{1540DEF2-7425-40A0-88E1-04D481EC9BDE}.Debug|x64.Build.0 = Debug|Any CPU
		{1540DEF2-7425-40A0-88E1-04D481EC9BDE}.Debug|x86.ActiveCfg = Debug|Any CPU
		{1540DEF2-7425-40A0-88E1-04D481EC9BDE}.Debug|x86.Build.0 = Debug|Any CPU
		{1540DEF2-7425-40A0-88E1-04D481EC9BDE}.Release|Any CPU.ActiveCfg = Release|Any CPU
		{1540DEF2-7425-40A0-88E1-04D481EC9BDE}.Release|Any CPU.Build.0 = Release|Any CPU
		{1540DEF2-7425-40A0-88E1-04D481EC9BDE}.Release|x64.ActiveCfg = Release|Any CPU
		{1540DEF2-7425-40A0-88E1-04D481EC9BDE}.Release|x64.Build.0 = Release|Any CPU
		{1540DEF2-7425-40A0-88E1-04D481EC9BDE}.Release|x86.ActiveCfg = Release|Any CPU
		{1540DEF2-7425-40A0-88E1-04D481EC9BDE}.Release|x86.Build.0 = Release|Any CPU
		{6F733AE3-FDEA-466F-90A9-C659C9CD2D2D}.Debug|Any CPU.ActiveCfg = Debug|Any CPU
		{6F733AE3-FDEA-466F-90A9-C659C9CD2D2D}.Debug|Any CPU.Build.0 = Debug|Any CPU
		{6F733AE3-FDEA-466F-90A9-C659C9CD2D2D}.Debug|x64.ActiveCfg = Debug|Any CPU
		{6F733AE3-FDEA-466F-90A9-C659C9CD2D2D}.Debug|x64.Build.0 = Debug|Any CPU
		{6F733AE3-FDEA-466F-90A9-C659C9CD2D2D}.Debug|x86.ActiveCfg = Debug|Any CPU
		{6F733AE3-FDEA-466F-90A9-C659C9CD2D2D}.Debug|x86.Build.0 = Debug|Any CPU
		{6F733AE3-FDEA-466F-90A9-C659C9CD2D2D}.Release|Any CPU.ActiveCfg = Release|Any CPU
		{6F733AE3-FDEA-466F-90A9-C659C9CD2D2D}.Release|Any CPU.Build.0 = Release|Any CPU
		{6F733AE3-FDEA-466F-90A9-C659C9CD2D2D}.Release|x64.ActiveCfg = Release|Any CPU
		{6F733AE3-FDEA-466F-90A9-C659C9CD2D2D}.Release|x64.Build.0 = Release|Any CPU
		{6F733AE3-FDEA-466F-90A9-C659C9CD2D2D}.Release|x86.ActiveCfg = Release|Any CPU
		{6F733AE3-FDEA-466F-90A9-C659C9CD2D2D}.Release|x86.Build.0 = Release|Any CPU
		{07E42C4B-48CE-4A41-AC52-7B1703C67B02}.Debug|Any CPU.ActiveCfg = Debug|Any CPU
		{07E42C4B-48CE-4A41-AC52-7B1703C67B02}.Debug|Any CPU.Build.0 = Debug|Any CPU
		{07E42C4B-48CE-4A41-AC52-7B1703C67B02}.Debug|x64.ActiveCfg = Debug|Any CPU
		{07E42C4B-48CE-4A41-AC52-7B1703C67B02}.Debug|x64.Build.0 = Debug|Any CPU
		{07E42C4B-48CE-4A41-AC52-7B1703C67B02}.Debug|x86.ActiveCfg = Debug|Any CPU
		{07E42C4B-48CE-4A41-AC52-7B1703C67B02}.Debug|x86.Build.0 = Debug|Any CPU
		{07E42C4B-48CE-4A41-AC52-7B1703C67B02}.Release|Any CPU.ActiveCfg = Release|Any CPU
		{07E42C4B-48CE-4A41-AC52-7B1703C67B02}.Release|Any CPU.Build.0 = Release|Any CPU
		{07E42C4B-48CE-4A41-AC52-7B1703C67B02}.Release|x64.ActiveCfg = Release|Any CPU
		{07E42C4B-48CE-4A41-AC52-7B1703C67B02}.Release|x64.Build.0 = Release|Any CPU
		{07E42C4B-48CE-4A41-AC52-7B1703C67B02}.Release|x86.ActiveCfg = Release|Any CPU
		{07E42C4B-48CE-4A41-AC52-7B1703C67B02}.Release|x86.Build.0 = Release|Any CPU
		{A7D669FD-7910-4E74-9C82-F65C673F84D0}.Debug|Any CPU.ActiveCfg = Debug|Any CPU
		{A7D669FD-7910-4E74-9C82-F65C673F84D0}.Debug|Any CPU.Build.0 = Debug|Any CPU
		{A7D669FD-7910-4E74-9C82-F65C673F84D0}.Debug|x64.ActiveCfg = Debug|Any CPU
		{A7D669FD-7910-4E74-9C82-F65C673F84D0}.Debug|x64.Build.0 = Debug|Any CPU
		{A7D669FD-7910-4E74-9C82-F65C673F84D0}.Debug|x86.ActiveCfg = Debug|Any CPU
		{A7D669FD-7910-4E74-9C82-F65C673F84D0}.Debug|x86.Build.0 = Debug|Any CPU
		{A7D669FD-7910-4E74-9C82-F65C673F84D0}.Release|Any CPU.ActiveCfg = Release|Any CPU
		{A7D669FD-7910-4E74-9C82-F65C673F84D0}.Release|Any CPU.Build.0 = Release|Any CPU
		{A7D669FD-7910-4E74-9C82-F65C673F84D0}.Release|x64.ActiveCfg = Release|Any CPU
		{A7D669FD-7910-4E74-9C82-F65C673F84D0}.Release|x64.Build.0 = Release|Any CPU
		{A7D669FD-7910-4E74-9C82-F65C673F84D0}.Release|x86.ActiveCfg = Release|Any CPU
		{A7D669FD-7910-4E74-9C82-F65C673F84D0}.Release|x86.Build.0 = Release|Any CPU
		{A1360067-BC41-4F86-AEB9-A8D47924FDB3}.Debug|Any CPU.ActiveCfg = Debug|Any CPU
		{A1360067-BC41-4F86-AEB9-A8D47924FDB3}.Debug|Any CPU.Build.0 = Debug|Any CPU
		{A1360067-BC41-4F86-AEB9-A8D47924FDB3}.Debug|x64.ActiveCfg = Debug|Any CPU
		{A1360067-BC41-4F86-AEB9-A8D47924FDB3}.Debug|x64.Build.0 = Debug|Any CPU
		{A1360067-BC41-4F86-AEB9-A8D47924FDB3}.Debug|x86.ActiveCfg = Debug|Any CPU
		{A1360067-BC41-4F86-AEB9-A8D47924FDB3}.Debug|x86.Build.0 = Debug|Any CPU
		{A1360067-BC41-4F86-AEB9-A8D47924FDB3}.Release|Any CPU.ActiveCfg = Release|Any CPU
		{A1360067-BC41-4F86-AEB9-A8D47924FDB3}.Release|Any CPU.Build.0 = Release|Any CPU
		{A1360067-BC41-4F86-AEB9-A8D47924FDB3}.Release|x64.ActiveCfg = Release|Any CPU
		{A1360067-BC41-4F86-AEB9-A8D47924FDB3}.Release|x64.Build.0 = Release|Any CPU
		{A1360067-BC41-4F86-AEB9-A8D47924FDB3}.Release|x86.ActiveCfg = Release|Any CPU
		{A1360067-BC41-4F86-AEB9-A8D47924FDB3}.Release|x86.Build.0 = Release|Any CPU
	EndGlobalSection
	GlobalSection(SolutionProperties) = preSolution
		HideSolutionNode = FALSE
	EndGlobalSection
	GlobalSection(NestedProjects) = preSolution
		{83756C42-9207-4802-9CEE-C11D21BA46A9} = {827E0CD3-B72D-47B6-A68D-7590B98EB39B}
		{44876BC0-6B59-4CF8-AD53-08FA3AA248CD} = {827E0CD3-B72D-47B6-A68D-7590B98EB39B}
		{8D483CC6-A7ED-4873-9168-E6BFE17B224B} = {827E0CD3-B72D-47B6-A68D-7590B98EB39B}
		{59F4445E-4332-4A70-A223-6AB8E74AC61B} = {827E0CD3-B72D-47B6-A68D-7590B98EB39B}
		{1540DEF2-7425-40A0-88E1-04D481EC9BDE} = {827E0CD3-B72D-47B6-A68D-7590B98EB39B}
		{6F733AE3-FDEA-466F-90A9-C659C9CD2D2D} = {0AB3BF05-4346-4AA6-1389-037BE0695223}
		{07E42C4B-48CE-4A41-AC52-7B1703C67B02} = {0AB3BF05-4346-4AA6-1389-037BE0695223}
		{A7D669FD-7910-4E74-9C82-F65C673F84D0} = {0AB3BF05-4346-4AA6-1389-037BE0695223}
		{A1360067-BC41-4F86-AEB9-A8D47924FDB3} = {827E0CD3-B72D-47B6-A68D-7590B98EB39B}
	EndGlobalSection
EndGlobal
